
Microsoft Visual Studio Solution File, Format Version 12.00
# Visual Studio 2012
Project("{FAE04EC0-301F-11D3-BF4B-00C04F79EFBC}") = "01.Define_a_Class_Person", "01.Define_a_Class_Person\01.Define_a_Class_Person.csproj", "{8CE1D13C-3D35-4BE8-A5D4-BE6685E2FB02}"
EndProject
Project("{FAE04EC0-301F-11D3-BF4B-00C04F79EFBC}") = "02.Creating_Constructors", "02.Creating_Constructors\02.Creating_Constructors.csproj", "{4BC7952E-1D09-4C2F-B121-73A6718663D7}"
EndProject
Project("{FAE04EC0-301F-11D3-BF4B-00C04F79EFBC}") = "03.Oldest_Family_Member", "03.Oldest_Family_Member\03.Oldest_Family_Member.csproj", "{D1C0B7CD-4C09-42FE-A72F-BA7E3FE278D4}"
EndProject
Project("{FAE04EC0-301F-11D3-BF4B-00C04F79EFBC}") = "06.Company_Roster", "06.Company_Roster\06.Company_Roster.csproj", "{A394CCDF-5EA7-47C0-B334-C1A225AE0BFC}"
EndProject
Project("{FAE04EC0-301F-11D3-BF4B-00C04F79EFBC}") = "04.Opinion_Poll", "04.Opinion_Poll\04.Opinion_Poll.csproj", "{B9B56EE3-193F-4125-971A-5A33908B4489}"
EndProject
Project("{FAE04EC0-301F-11D3-BF4B-00C04F79EFBC}") = "07.Speed_Racing", "07.Speed_Racing\07.Speed_Racing.csproj", "{674550F5-C91B-46E7-9F4F-39C3197F90DC}"
EndProject
Project("{FAE04EC0-301F-11D3-BF4B-00C04F79EFBC}") = "08.Raw_Data", "08.Raw_Data\08.Raw_Data.csproj", "{2D733878-FE3B-4628-968E-896157253B4F}"
EndProject
Project("{FAE04EC0-301F-11D3-BF4B-00C04F79EFBC}") = "09.Rectangle_Intersection", "09.Rectangle_Intersection\09.Rectangle_Intersection.csproj", "{6C2C07DA-11D2-42E7-B258-E43C33AE66B3}"
EndProject
Project("{FAE04EC0-301F-11D3-BF4B-00C04F79EFBC}") = "10.Car_Salesman", "10.Car_Salesman\10.Car_Salesman.csproj", "{AB0E0FC3-1FDC-491F-92CD-7550FEA41C62}"
EndProject
Project("{FAE04EC0-301F-11D3-BF4B-00C04F79EFBC}") = "11.Pokemon_Trainer", "11.Pokemon_Trainer\11.Pokemon_Trainer.csproj", "{E85A2588-D1D2-4BED-82D0-BE31A8B7C842}"
EndProject
Project("{FAE04EC0-301F-11D3-BF4B-00C04F79EFBC}") = "15.Drawing_Tool", "15.Drawing_Tool\15.Drawing_Tool.csproj", "{34491965-BACE-4ECD-AA76-4324D3B72B59}"
EndProject
Project("{FAE04EC0-301F-11D3-BF4B-00C04F79EFBC}") = "13.Family_Tree", "13.Family_Tree\13.Family_Tree.csproj", "{3DFB9263-0CB8-4F02-A5EB-ACFCB4BC7FDB}"
EndProject
Project("{FAE04EC0-301F-11D3-BF4B-00C04F79EFBC}") = "14.Cat_Lady", "14.Cat_Lady\14.Cat_Lady.csproj", "{75C3AF9D-12BD-4A18-B15D-14D302EA1901}"
EndProject
Project("{FAE04EC0-301F-11D3-BF4B-00C04F79EFBC}") = "12.Google", "12.Google\12.Google.csproj", "{9863A959-BDEE-4ADC-8F6F-6DA7EC9A9389}"
EndProject
Global
	GlobalSection(SolutionConfigurationPlatforms) = preSolution
		Debug|Any CPU = Debug|Any CPU
		Release|Any CPU = Release|Any CPU
	EndGlobalSection
	GlobalSection(ProjectConfigurationPlatforms) = postSolution
		{8CE1D13C-3D35-4BE8-A5D4-BE6685E2FB02}.Debug|Any CPU.ActiveCfg = Debug|Any CPU
		{8CE1D13C-3D35-4BE8-A5D4-BE6685E2FB02}.Debug|Any CPU.Build.0 = Debug|Any CPU
		{8CE1D13C-3D35-4BE8-A5D4-BE6685E2FB02}.Release|Any CPU.ActiveCfg = Release|Any CPU
		{8CE1D13C-3D35-4BE8-A5D4-BE6685E2FB02}.Release|Any CPU.Build.0 = Release|Any CPU
		{4BC7952E-1D09-4C2F-B121-73A6718663D7}.Debug|Any CPU.ActiveCfg = Debug|Any CPU
		{4BC7952E-1D09-4C2F-B121-73A6718663D7}.Debug|Any CPU.Build.0 = Debug|Any CPU
		{4BC7952E-1D09-4C2F-B121-73A6718663D7}.Release|Any CPU.ActiveCfg = Release|Any CPU
		{4BC7952E-1D09-4C2F-B121-73A6718663D7}.Release|Any CPU.Build.0 = Release|Any CPU
		{D1C0B7CD-4C09-42FE-A72F-BA7E3FE278D4}.Debug|Any CPU.ActiveCfg = Debug|Any CPU
		{D1C0B7CD-4C09-42FE-A72F-BA7E3FE278D4}.Debug|Any CPU.Build.0 = Debug|Any CPU
		{D1C0B7CD-4C09-42FE-A72F-BA7E3FE278D4}.Release|Any CPU.ActiveCfg = Release|Any CPU
		{D1C0B7CD-4C09-42FE-A72F-BA7E3FE278D4}.Release|Any CPU.Build.0 = Release|Any CPU
		{A394CCDF-5EA7-47C0-B334-C1A225AE0BFC}.Debug|Any CPU.ActiveCfg = Debug|Any CPU
		{A394CCDF-5EA7-47C0-B334-C1A225AE0BFC}.Debug|Any CPU.Build.0 = Debug|Any CPU
		{A394CCDF-5EA7-47C0-B334-C1A225AE0BFC}.Release|Any CPU.ActiveCfg = Release|Any CPU
		{A394CCDF-5EA7-47C0-B334-C1A225AE0BFC}.Release|Any CPU.Build.0 = Release|Any CPU
		{B9B56EE3-193F-4125-971A-5A33908B4489}.Debug|Any CPU.ActiveCfg = Debug|Any CPU
		{B9B56EE3-193F-4125-971A-5A33908B4489}.Debug|Any CPU.Build.0 = Debug|Any CPU
		{B9B56EE3-193F-4125-971A-5A33908B4489}.Release|Any CPU.ActiveCfg = Release|Any CPU
		{B9B56EE3-193F-4125-971A-5A33908B4489}.Release|Any CPU.Build.0 = Release|Any CPU
		{674550F5-C91B-46E7-9F4F-39C3197F90DC}.Debug|Any CPU.ActiveCfg = Debug|Any CPU
		{674550F5-C91B-46E7-9F4F-39C3197F90DC}.Debug|Any CPU.Build.0 = Debug|Any CPU
		{674550F5-C91B-46E7-9F4F-39C3197F90DC}.Release|Any CPU.ActiveCfg = Release|Any CPU
		{674550F5-C91B-46E7-9F4F-39C3197F90DC}.Release|Any CPU.Build.0 = Release|Any CPU
		{2D733878-FE3B-4628-968E-896157253B4F}.Debug|Any CPU.ActiveCfg = Debug|Any CPU
		{2D733878-FE3B-4628-968E-896157253B4F}.Debug|Any CPU.Build.0 = Debug|Any CPU
		{2D733878-FE3B-4628-968E-896157253B4F}.Release|Any CPU.ActiveCfg = Release|Any CPU
		{2D733878-FE3B-4628-968E-896157253B4F}.Release|Any CPU.Build.0 = Release|Any CPU
		{6C2C07DA-11D2-42E7-B258-E43C33AE66B3}.Debug|Any CPU.ActiveCfg = Debug|Any CPU
		{6C2C07DA-11D2-42E7-B258-E43C33AE66B3}.Debug|Any CPU.Build.0 = Debug|Any CPU
		{6C2C07DA-11D2-42E7-B258-E43C33AE66B3}.Release|Any CPU.ActiveCfg = Release|Any CPU
		{6C2C07DA-11D2-42E7-B258-E43C33AE66B3}.Release|Any CPU.Build.0 = Release|Any CPU
		{AB0E0FC3-1FDC-491F-92CD-7550FEA41C62}.Debug|Any CPU.ActiveCfg = Debug|Any CPU
		{AB0E0FC3-1FDC-491F-92CD-7550FEA41C62}.Debug|Any CPU.Build.0 = Debug|Any CPU
		{AB0E0FC3-1FDC-491F-92CD-7550FEA41C62}.Release|Any CPU.ActiveCfg = Release|Any CPU
		{AB0E0FC3-1FDC-491F-92CD-7550FEA41C62}.Release|Any CPU.Build.0 = Release|Any CPU
		{E85A2588-D1D2-4BED-82D0-BE31A8B7C842}.Debug|Any CPU.ActiveCfg = Debug|Any CPU
		{E85A2588-D1D2-4BED-82D0-BE31A8B7C842}.Debug|Any CPU.Build.0 = Debug|Any CPU
		{E85A2588-D1D2-4BED-82D0-BE31A8B7C842}.Release|Any CPU.ActiveCfg = Release|Any CPU
		{E85A2588-D1D2-4BED-82D0-BE31A8B7C842}.Release|Any CPU.Build.0 = Release|Any CPU
		{34491965-BACE-4ECD-AA76-4324D3B72B59}.Debug|Any CPU.ActiveCfg = Debug|Any CPU
		{34491965-BACE-4ECD-AA76-4324D3B72B59}.Debug|Any CPU.Build.0 = Debug|Any CPU
		{34491965-BACE-4ECD-AA76-4324D3B72B59}.Release|Any CPU.ActiveCfg = Release|Any CPU
		{34491965-BACE-4ECD-AA76-4324D3B72B59}.Release|Any CPU.Build.0 = Release|Any CPU
		{3DFB9263-0CB8-4F02-A5EB-ACFCB4BC7FDB}.Debug|Any CPU.ActiveCfg = Debug|Any CPU
		{3DFB9263-0CB8-4F02-A5EB-ACFCB4BC7FDB}.Debug|Any CPU.Build.0 = Debug|Any CPU
		{3DFB9263-0CB8-4F02-A5EB-ACFCB4BC7FDB}.Release|Any CPU.ActiveCfg = Release|Any CPU
		{3DFB9263-0CB8-4F02-A5EB-ACFCB4BC7FDB}.Release|Any CPU.Build.0 = Release|Any CPU
		{75C3AF9D-12BD-4A18-B15D-14D302EA1901}.Debug|Any CPU.ActiveCfg = Debug|Any CPU
		{75C3AF9D-12BD-4A18-B15D-14D302EA1901}.Debug|Any CPU.Build.0 = Debug|Any CPU
		{75C3AF9D-12BD-4A18-B15D-14D302EA1901}.Release|Any CPU.ActiveCfg = Release|Any CPU
		{75C3AF9D-12BD-4A18-B15D-14D302EA1901}.Release|Any CPU.Build.0 = Release|Any CPU
		{9863A959-BDEE-4ADC-8F6F-6DA7EC9A9389}.Debug|Any CPU.ActiveCfg = Debug|Any CPU
		{9863A959-BDEE-4ADC-8F6F-6DA7EC9A9389}.Debug|Any CPU.Build.0 = Debug|Any CPU
		{9863A959-BDEE-4ADC-8F6F-6DA7EC9A9389}.Release|Any CPU.ActiveCfg = Release|Any CPU
		{9863A959-BDEE-4ADC-8F6F-6DA7EC9A9389}.Release|Any CPU.Build.0 = Release|Any CPU
	EndGlobalSection
EndGlobal
